
Microsoft Visual Studio Solution File, Format Version 12.00
# Visual Studio Version 16
VisualStudioVersion = 16.0.30709.132
MinimumVisualStudioVersion = 10.0.40219.1
Project("{9A19103F-16F7-4668-BE54-9A1E7A4F7556}") = "KestrelExtensions", "KestrelExtensions\src\KestrelExtensions.csproj", "{CDC20743-3EEF-4330-9933-CEB05B18872E}"
EndProject
Project("{9A19103F-16F7-4668-BE54-9A1E7A4F7556}") = "KestrelExtensions.Tests", "KestrelExtensions\test\KestrelExtensions.Tests.csproj", "{8A75535B-1CE8-439B-81DC-91D09720FC93}"
EndProject
Project("{2150E333-8FDC-42A3-9474-1A3956D46DE8}") = "Solution Items", "Solution Items", "{F105FBF3-E923-4236-B14C-C3A3F8719623}"
	ProjectSection(SolutionItems) = preProject
		license.txt = license.txt
		readme.md = readme.md
	EndProjectSection
EndProject
Global
	GlobalSection(SolutionConfigurationPlatforms) = preSolution
		Debug|Any CPU = Debug|Any CPU
		Release|Any CPU = Release|Any CPU
	EndGlobalSection
	GlobalSection(ProjectConfigurationPlatforms) = postSolution
		{CDC20743-3EEF-4330-9933-CEB05B18872E}.Debug|Any CPU.ActiveCfg = Debug|Any CPU
		{CDC20743-3EEF-4330-9933-CEB05B18872E}.Debug|Any CPU.Build.0 = Debug|Any CPU
		{CDC20743-3EEF-4330-9933-CEB05B18872E}.Release|Any CPU.ActiveCfg = Release|Any CPU
		{CDC20743-3EEF-4330-9933-CEB05B18872E}.Release|Any CPU.Build.0 = Release|Any CPU
		{8A75535B-1CE8-439B-81DC-91D09720FC93}.Debug|Any CPU.ActiveCfg = Debug|Any CPU
		{8A75535B-1CE8-439B-81DC-91D09720FC93}.Debug|Any CPU.Build.0 = Debug|Any CPU
		{8A75535B-1CE8-439B-81DC-91D09720FC93}.Release|Any CPU.ActiveCfg = Release|Any CPU
		{8A75535B-1CE8-439B-81DC-91D09720FC93}.Release|Any CPU.Build.0 = Release|Any CPU
	EndGlobalSection
	GlobalSection(SolutionProperties) = preSolution
		HideSolutionNode = FALSE
	EndGlobalSection
	GlobalSection(ExtensibilityGlobals) = postSolution
		SolutionGuid = {7BAD6E26-CD39-4DEF-9B83-79BDA80075FD}
	EndGlobalSection
EndGlobal
